# THIS IS AN AUTOGENERATED FILE. DO NOT EDIT THIS FILE DIRECTLY.
# yarn lockfile v1


react-codemirror2@^6.0.0:
  version "6.0.0"
  resolved "https://registry.yarnpkg.com/react-codemirror2/-/react-codemirror2-6.0.0.tgz#180065df57a64026026cde569a9708fdf7656525"
  integrity sha512-D7y9qZ05FbUh9blqECaJMdDwKluQiO3A9xB+fssd5jKM7YAXucRuEOlX32mJQumUvHUkHRHqXIPBjm6g0FW0Ag==
